
Microsoft Visual Studio Solution File, Format Version 11.00
# Visual Studio 2010
Project("{FAE04EC0-301F-11D3-BF4B-00C04F79EFBC}") = "HTTPDriver", "HTTPDriver\HTTPDriver.csproj", "{EDA99C1E-BED1-4E18-B0E8-01152A8A0B78}"
EndProject
Project("{2150E333-8FDC-42A3-9474-1A3956D46DE8}") = "Test", "Test", "{31BD5B58-3624-4C27-A6FD-8E658792FDB0}"
EndProject
Project("{FAE04EC0-301F-11D3-BF4B-00C04F79EFBC}") = "HTTPDriver.UnitTest", "HTTPDriver.UnitTest\HTTPDriver.UnitTest.csproj", "{2F209D3C-BC57-4AF4-AF82-444FBCE032B7}"
EndProject
Global
	GlobalSection(SolutionConfigurationPlatforms) = preSolution
		Debug|Any CPU = Debug|Any CPU
		Release|Any CPU = Release|Any CPU
	EndGlobalSection
	GlobalSection(ProjectConfigurationPlatforms) = postSolution
		{EDA99C1E-BED1-4E18-B0E8-01152A8A0B78}.Debug|Any CPU.ActiveCfg = Debug|Any CPU
		{EDA99C1E-BED1-4E18-B0E8-01152A8A0B78}.Debug|Any CPU.Build.0 = Debug|Any CPU
		{EDA99C1E-BED1-4E18-B0E8-01152A8A0B78}.Release|Any CPU.ActiveCfg = Release|Any CPU
		{EDA99C1E-BED1-4E18-B0E8-01152A8A0B78}.Release|Any CPU.Build.0 = Release|Any CPU
		{2F209D3C-BC57-4AF4-AF82-444FBCE032B7}.Debug|Any CPU.ActiveCfg = Debug|Any CPU
		{2F209D3C-BC57-4AF4-AF82-444FBCE032B7}.Debug|Any CPU.Build.0 = Debug|Any CPU
		{2F209D3C-BC57-4AF4-AF82-444FBCE032B7}.Release|Any CPU.ActiveCfg = Release|Any CPU
		{2F209D3C-BC57-4AF4-AF82-444FBCE032B7}.Release|Any CPU.Build.0 = Release|Any CPU
	EndGlobalSection
	GlobalSection(SolutionProperties) = preSolution
		HideSolutionNode = FALSE
	EndGlobalSection
	GlobalSection(NestedProjects) = preSolution
		{2F209D3C-BC57-4AF4-AF82-444FBCE032B7} = {31BD5B58-3624-4C27-A6FD-8E658792FDB0}
	EndGlobalSection
EndGlobal
